
Microsoft Visual Studio Solution File, Format Version 12.00
# Visual Studio Version 17
VisualStudioVersion = 17.8.34408.163
MinimumVisualStudioVersion = 10.0.40219.1
Project("{FAE04EC0-301F-11D3-BF4B-00C04F79EFBC}") = "ApartmentMini_Management_System", "ApartmentMini_Management_System.csproj", "{F8039E2D-4C06-480D-9498-9622F7F69530}"
EndProject
Global
	GlobalSection(SolutionConfigurationPlatforms) = preSolution
		Debug|Any CPU = Debug|Any CPU
		Release|Any CPU = Release|Any CPU
	EndGlobalSection
	GlobalSection(ProjectConfigurationPlatforms) = postSolution
		{F8039E2D-4C06-480D-9498-9622F7F69530}.Debug|Any CPU.ActiveCfg = Debug|Any CPU
		{F8039E2D-4C06-480D-9498-9622F7F69530}.Debug|Any CPU.Build.0 = Debug|Any CPU
		{F8039E2D-4C06-480D-9498-9622F7F69530}.Release|Any CPU.ActiveCfg = Release|Any CPU
		{F8039E2D-4C06-480D-9498-9622F7F69530}.Release|Any CPU.Build.0 = Release|Any CPU
	EndGlobalSection
	GlobalSection(SolutionProperties) = preSolution
		HideSolutionNode = FALSE
	EndGlobalSection
	GlobalSection(ExtensibilityGlobals) = postSolution
		SolutionGuid = {A671AADC-7B4E-4D08-BD50-73BBA397AA26}
	EndGlobalSection
EndGlobal
